
Microsoft Visual Studio Solution File, Format Version 12.00
# Visual Studio Version 16
VisualStudioVersion = 16.0.29609.76
MinimumVisualStudioVersion = 10.0.40219.1
Project("{9A19103F-16F7-4668-BE54-9A1E7A4F7556}") = "GradientDescent", "GradientDescent\GradientDescent.csproj", "{CE102AA2-7C30-4107-9162-0518FF95648A}"
EndProject
Project("{9A19103F-16F7-4668-BE54-9A1E7A4F7556}") = "NeuralNetworkLibrary", "..\..\Visual Studio 2017\Projects\Neural Networks Curriculum\NeuralNetwork\NeuralNetworkLibrary\NeuralNetworkLibrary.csproj", "{DDFE5311-3F19-4102-855A-39340F4D1FFF}"
EndProject
Global
	GlobalSection(SolutionConfigurationPlatforms) = preSolution
		Debug|Any CPU = Debug|Any CPU
		Release|Any CPU = Release|Any CPU
	EndGlobalSection
	GlobalSection(ProjectConfigurationPlatforms) = postSolution
		{CE102AA2-7C30-4107-9162-0518FF95648A}.Debug|Any CPU.ActiveCfg = Debug|Any CPU
		{CE102AA2-7C30-4107-9162-0518FF95648A}.Debug|Any CPU.Build.0 = Debug|Any CPU
		{CE102AA2-7C30-4107-9162-0518FF95648A}.Release|Any CPU.ActiveCfg = Release|Any CPU
		{CE102AA2-7C30-4107-9162-0518FF95648A}.Release|Any CPU.Build.0 = Release|Any CPU
		{DDFE5311-3F19-4102-855A-39340F4D1FFF}.Debug|Any CPU.ActiveCfg = Debug|Any CPU
		{DDFE5311-3F19-4102-855A-39340F4D1FFF}.Debug|Any CPU.Build.0 = Debug|Any CPU
		{DDFE5311-3F19-4102-855A-39340F4D1FFF}.Release|Any CPU.ActiveCfg = Release|Any CPU
		{DDFE5311-3F19-4102-855A-39340F4D1FFF}.Release|Any CPU.Build.0 = Release|Any CPU
	EndGlobalSection
	GlobalSection(SolutionProperties) = preSolution
		HideSolutionNode = FALSE
	EndGlobalSection
	GlobalSection(ExtensibilityGlobals) = postSolution
		SolutionGuid = {7E4F6E53-7058-47B1-A21E-230D3DE80035}
	EndGlobalSection
EndGlobal
